// !$*UTF8*$!
{
	archiveVersion = 1;
	classes = {
	};
	objectVersion = 46;
	objects = {

/* Begin PBXBuildFile section */
		3F3390AE1B8E9D32004DBC2D /* RecordedAudio.swift in Sources */ = {isa = PBXBuildFile; fileRef = 3F3390AD1B8E9D32004DBC2D /* RecordedAudio.swift */; };
		3F47227D1B88D547007C3CF0 /* PlaySoundViewController.swift in Sources */ = {isa = PBXBuildFile; fileRef = 3F47227C1B88D547007C3CF0 /* PlaySoundViewController.swift */; };
		3F4722811B88DD88007C3CF0 /* movie_quote.mp3 in Resources */ = {isa = PBXBuildFile; fileRef = 3F4722801B88DD88007C3CF0 /* movie_quote.mp3 */; };
		3F68A9021B86B3EA009F6D65 /* AppDelegate.swift in Sources */ = {isa = PBXBuildFile; fileRef = 3F68A9011B86B3EA009F6D65 /* AppDelegate.swift */; };
		3F68A9041B86B3EA009F6D65 /* RecordSoudsViewController.swift in Sources */ = {isa = PBXBuildFile; fileRef = 3F68A9031B86B3EA009F6D65 /* RecordSoudsViewController.swift */; };
		3F68A9071B86B3EA009F6D65 /* Main.storyboard in Resources */ = {isa = PBXBuildFile; fileRef = 3F68A9051B86B3EA009F6D65 /* Main.storyboard */; };
		3F68A9091B86B3EA009F6D65 /* Images.xcassets in Resources */ = {isa = PBXBuildFile; fileRef = 3F68A9081B86B3EA009F6D65 /* Images.xcassets */; };
		3F68A90C1B86B3EA009F6D65 /* LaunchScreen.xib in Resources */ = {isa = PBXBuildFile; fileRef = 3F68A90A1B86B3EA009F6D65 /* LaunchScreen.xib */; };
		3F68A9181B86B3EA009F6D65 /* Pitch_PerfectTests.swift in Sources */ = {isa = PBXBuildFile; fileRef = 3F68A9171B86B3EA009F6D65 /* Pitch_PerfectTests.swift */; };
/* End PBXBuildFile section */

/* Begin PBXContainerItemProxy section */
		3F68A9121B86B3EA009F6D65 /* PBXContainerItemProxy */ = {
			isa = PBXContainerItemProxy;
			containerPortal = 3F68A8F41B86B3EA009F6D65 /* Project object */;
			proxyType = 1;
			remoteGlobalIDString = 3F68A8FB1B86B3EA009F6D65;
			remoteInfo = "Pitch Perfect";
		};
/* End PBXContainerItemProxy section */

/* Begin PBXFileReference section */
		3F3390AD1B8E9D32004DBC2D /* RecordedAudio.swift */ = {isa = PBXFileReference; fileEncoding = 4; lastKnownFileType = sourcecode.swift; path = RecordedAudio.swift; sourceTree = "<group>"; };
		3F47227C1B88D547007C3CF0 /* PlaySoundViewController.swift */ = {isa = PBXFileReference; fileEncoding = 4; lastKnownFileType = sourcecode.swift; path = PlaySoundViewController.swift; sourceTree = "<group>"; };
		3F4722801B88DD88007C3CF0 /* movie_quote.mp3 */ = {isa = PBXFileReference; lastKnownFileType = audio.mp3; path = movie_quote.mp3; sourceTree = "<group>"; };
		3F68A8FC1B86B3EA009F6D65 /* Pitch Perfect.app */ = {isa = PBXFileReference; explicitFileType = wrapper.application; includeInIndex = 0; path = "Pitch Perfect.app"; sourceTree = BUILT_PRODUCTS_DIR; };
		3F68A9001B86B3EA009F6D65 /* Info.plist */ = {isa = PBXFileReference; lastKnownFileType = text.plist.xml; path = Info.plist; sourceTree = "<group>"; };
		3F68A9011B86B3EA009F6D65 /* AppDelegate.swift */ = {isa = PBXFileReference; lastKnownFileType = sourcecode.swift; path = AppDelegate.swift; sourceTree = "<group>"; };
		3F68A9031B86B3EA009F6D65 /* RecordSoudsViewController.swift */ = {isa = PBXFileReference; lastKnownFileType = sourcecode.swift; path = RecordSoudsViewController.swift; sourceTree = "<group>"; };
		3F68A9061B86B3EA009F6D65 /* Base */ = {isa = PBXFileReference; lastKnownFileType = file.storyboard; name = Base; path = Base.lproj/Main.storyboard; sourceTree = "<group>"; };
		3F68A9081B86B3EA009F6D65 /* Images.xcassets */ = {isa = PBXFileReference; lastKnownFileType = folder.assetcatalog; path = Images.xcassets; sourceTree = "<group>"; };
		3F68A90B1B86B3EA009F6D65 /* Base */ = {isa = PBXFileReference; lastKnownFileType = file.xib; name = Base; path = Base.lproj/LaunchScreen.xib; sourceTree = "<group>"; };
		3F68A9111B86B3EA009F6D65 /* Pitch PerfectTests.xctest */ = {isa = PBXFileReference; explicitFileType = wrapper.cfbundle; includeInIndex = 0; path = "Pitch PerfectTests.xctest"; sourceTree = BUILT_PRODUCTS_DIR; };
		3F68A9161B86B3EA009F6D65 /* Info.plist */ = {isa = PBXFileReference; lastKnownFileType = text.plist.xml; path = Info.plist; sourceTree = "<group>"; };
		3F68A9171B86B3EA009F6D65 /* Pitch_PerfectTests.swift */ = {isa = PBXFileReference; lastKnownFileType = sourcecode.swift; path = Pitch_PerfectTests.swift; sourceTree = "<group>"; };
/* End PBXFileReference section */

/* Begin PBXFrameworksBuildPhase section */
		3F68A8F91B86B3EA009F6D65 /* Frameworks */ = {
			isa = PBXFrameworksBuildPhase;
			buildActionMask = 2147483647;
			files = (
			);
			runOnlyForDeploymentPostprocessing = 0;
		};
		3F68A90E1B86B3EA009F6D65 /* Frameworks */ = {
			isa = PBXFrameworksBuildPhase;
			buildActionMask = 2147483647;
			files = (
			);
			runOnlyForDeploymentPostprocessing = 0;
		};
/* End PBXFrameworksBuildPhase section */

/* Begin PBXGroup section */
		3F3390AC1B8E9CF7004DBC2D /* Model */ = {
			isa = PBXGroup;
			children = (
				3F3390AD1B8E9D32004DBC2D /* RecordedAudio.swift */,
			);
			name = Model;
			sourceTree = "<group>";
		};
		3F68A8F31B86B3EA009F6D65 = {
			isa = PBXGroup;
			children = (
				3F68A8FE1B86B3EA009F6D65 /* Pitch Perfect */,
				3F68A9141B86B3EA009F6D65 /* Pitch PerfectTests */,
				3F68A8FD1B86B3EA009F6D65 /* Products */,
			);
			sourceTree = "<group>";
		};
		3F68A8FD1B86B3EA009F6D65 /* Products */ = {
			isa = PBXGroup;
			children = (
				3F68A8FC1B86B3EA009F6D65 /* Pitch Perfect.app */,
				3F68A9111B86B3EA009F6D65 /* Pitch PerfectTests.xctest */,
			);
			name = Products;
			sourceTree = "<group>";
		};
		3F68A8FE1B86B3EA009F6D65 /* Pitch Perfect */ = {
			isa = PBXGroup;
			children = (
				3F3390AC1B8E9CF7004DBC2D /* Model */,
				3F68A9011B86B3EA009F6D65 /* AppDelegate.swift */,
				3F68A9031B86B3EA009F6D65 /* RecordSoudsViewController.swift */,
				3F47227C1B88D547007C3CF0 /* PlaySoundViewController.swift */,
				3F68A9051B86B3EA009F6D65 /* Main.storyboard */,
				3F68A9081B86B3EA009F6D65 /* Images.xcassets */,
				3F68A90A1B86B3EA009F6D65 /* LaunchScreen.xib */,
				3F68A8FF1B86B3EA009F6D65 /* Supporting Files */,
			);
			path = "Pitch Perfect";
			sourceTree = "<group>";
		};
		3F68A8FF1B86B3EA009F6D65 /* Supporting Files */ = {
			isa = PBXGroup;
			children = (
				3F4722801B88DD88007C3CF0 /* movie_quote.mp3 */,
				3F68A9001B86B3EA009F6D65 /* Info.plist */,
			);
			name = "Supporting Files";
			sourceTree = "<group>";
		};
		3F68A9141B86B3EA009F6D65 /* Pitch PerfectTests */ = {
			isa = PBXGroup;
			children = (
				3F68A9171B86B3EA009F6D65 /* Pitch_PerfectTests.swift */,
				3F68A9151B86B3EA009F6D65 /* Supporting Files */,
			);
			path = "Pitch PerfectTests";
			sourceTree = "<group>";
		};
		3F68A9151B86B3EA009F6D65 /* Supporting Files */ = {
			isa = PBXGroup;
			children = (
				3F68A9161B86B3EA009F6D65 /* Info.plist */,
			);
			name = "Supporting Files";
			sourceTree = "<group>";
		};
/* End PBXGroup section */

/* Begin PBXNativeTarget section */
		3F68A8FB1B86B3EA009F6D65 /* Pitch Perfect */ = {
			isa = PBXNativeTarget;
			buildConfigurationList = 3F68A91B1B86B3EA009F6D65 /* Build configuration list for PBXNativeTarget "Pitch Perfect" */;
			buildPhases = (
				3F68A8F81B86B3EA009F6D65 /* Sources */,
				3F68A8F91B86B3EA009F6D65 /* Frameworks */,
				3F68A8FA1B86B3EA009F6D65 /* Resources */,
			);
			buildRules = (
			);
			dependencies = (
			);
			name = "Pitch Perfect";
			productName = "Pitch Perfect";
			productReference = 3F68A8FC1B86B3EA009F6D65 /* Pitch Perfect.app */;
			productType = "com.apple.product-type.application";
		};
		3F68A9101B86B3EA009F6D65 /* Pitch PerfectTests */ = {
			isa = PBXNativeTarget;
			buildConfigurationList = 3F68A91E1B86B3EA009F6D65 /* Build configuration list for PBXNativeTarget "Pitch PerfectTests" */;
			buildPhases = (
				3F68A90D1B86B3EA009F6D65 /* Sources */,
				3F68A90E1B86B3EA009F6D65 /* Frameworks */,
				3F68A90F1B86B3EA009F6D65 /* Resources */,
			);
			buildRules = (
			);
			dependencies = (
				3F68A9131B86B3EA009F6D65 /* PBXTargetDependency */,
			);
			name = "Pitch PerfectTests";
			productName = "Pitch PerfectTests";
			productReference = 3F68A9111B86B3EA009F6D65 /* Pitch PerfectTests.xctest */;
			productType = "com.apple.product-type.bundle.unit-test";
		};
/* End PBXNativeTarget section */

/* Begin PBXProject section */
		3F68A8F41B86B3EA009F6D65 /* Project object */ = {
			isa = PBXProject;
			attributes = {
				LastUpgradeCheck = 0630;
				ORGANIZATIONNAME = Udacity;
				TargetAttributes = {
					3F68A8FB1B86B3EA009F6D65 = {
						CreatedOnToolsVersion = 6.3.2;
					};
					3F68A9101B86B3EA009F6D65 = {
						CreatedOnToolsVersion = 6.3.2;
						TestTargetID = 3F68A8FB1B86B3EA009F6D65;
					};
				};
			};
			buildConfigurationList = 3F68A8F71B86B3EA009F6D65 /* Build configuration list for PBXProject "Pitch Perfect" */;
			compatibilityVersion = "Xcode 3.2";
			developmentRegion = English;
			hasScannedForEncodings = 0;
			knownRegions = (
				en,
				Base,
			);
			mainGroup = 3F68A8F31B86B3EA009F6D65;
			productRefGroup = 3F68A8FD1B86B3EA009F6D65 /* Products */;
			projectDirPath = "";
			projectRoot = "";
			targets = (
				3F68A8FB1B86B3EA009F6D65 /* Pitch Perfect */,
				3F68A9101B86B3EA009F6D65 /* Pitch PerfectTests */,
			);
		};
/* End PBXProject section */

/* Begin PBXResourcesBuildPhase section */
		3F68A8FA1B86B3EA009F6D65 /* Resources */ = {
			isa = PBXResourcesBuildPhase;
			buildActionMask = 2147483647;
			files = (
				3F68A9071B86B3EA009F6D65 /* Main.storyboard in Resources */,
				3F68A90C1B86B3EA009F6D65 /* LaunchScreen.xib in Resources */,
				3F4722811B88DD88007C3CF0 /* movie_quote.mp3 in Resources */,
				3F68A9091B86B3EA009F6D65 /* Images.xcassets in Resources */,
			);
			runOnlyForDeploymentPostprocessing = 0;
		};
		3F68A90F1B86B3EA009F6D65 /* Resources */ = {
			isa = PBXResourcesBuildPhase;
			buildActionMask = 2147483647;
			files = (
			);
			runOnlyForDeploymentPostprocessing = 0;
		};
/* End PBXResourcesBuildPhase section */

/* Begin PBXSourcesBuildPhase section */
		3F68A8F81B86B3EA009F6D65 /* Sources */ = {
			isa = PBXSourcesBuildPhase;
			buildActionMask = 2147483647;
			files = (
				3F3390AE1B8E9D32004DBC2D /* RecordedAudio.swift in Sources */,
				3F68A9041B86B3EA009F6D65 /* RecordSoudsViewController.swift in Sources */,
				3F47227D1B88D547007C3CF0 /* PlaySoundViewController.swift in Sources */,
				3F68A9021B86B3EA009F6D65 /* AppDelegate.swift in Sources */,
			);
			runOnlyForDeploymentPostprocessing = 0;
		};
		3F68A90D1B86B3EA009F6D65 /* Sources */ = {
			isa = PBXSourcesBuildPhase;
			buildActionMask = 2147483647;
			files = (
				3F68A9181B86B3EA009F6D65 /* Pitch_PerfectTests.swift in Sources */,
			);
			runOnlyForDeploymentPostprocessing = 0;
		};
/* End PBXSourcesBuildPhase section */

/* Begin PBXTargetDependency section */
		3F68A9131B86B3EA009F6D65 /* PBXTargetDependency */ = {
			isa = PBXTargetDependency;
			target = 3F68A8FB1B86B3EA009F6D65 /* Pitch Perfect */;
			targetProxy = 3F68A9121B86B3EA009F6D65 /* PBXContainerItemProxy */;
		};
/* End PBXTargetDependency section */

/* Begin PBXVariantGroup section */
		3F68A9051B86B3EA009F6D65 /* Main.storyboard */ = {
			isa = PBXVariantGroup;
			children = (
				3F68A9061B86B3EA009F6D65 /* Base */,
			);
			name = Main.storyboard;
			sourceTree = "<group>";
		};
		3F68A90A1B86B3EA009F6D65 /* LaunchScreen.xib */ = {
			isa = PBXVariantGroup;
			children = (
				3F68A90B1B86B3EA009F6D65 /* Base */,
			);
			name = LaunchScreen.xib;
			sourceTree = "<group>";
		};
/* End PBXVariantGroup section */

/* Begin XCBuildConfiguration section */
		3F68A9191B86B3EA009F6D65 /* Debug */ = {
			isa = XCBuildConfiguration;
			buildSettings = {
				ALWAYS_SEARCH_USER_PATHS = NO;
				CLANG_CXX_LANGUAGE_STANDARD = "gnu++0x";
				CLANG_CXX_LIBRARY = "libc++";
				CLANG_ENABLE_MODULES = YES;
				CLANG_ENABLE_OBJC_ARC = YES;
				CLANG_WARN_BOOL_CONVERSION = YES;
				CLANG_WARN_CONSTANT_CONVERSION = YES;
				CLANG_WARN_DIRECT_OBJC_ISA_USAGE = YES_ERROR;
				CLANG_WARN_EMPTY_BODY = YES;
				CLANG_WARN_ENUM_CONVERSION = YES;
				CLANG_WARN_INT_CONVERSION = YES;
				CLANG_WARN_OBJC_ROOT_CLASS = YES_ERROR;
				CLANG_WARN_UNREACHABLE_CODE = YES;
				CLANG_WARN__DUPLICATE_METHOD_MATCH = YES;
				"CODE_SIGN_IDENTITY[sdk=iphoneos*]" = "iPhone Developer";
				COPY_PHASE_STRIP = NO;
				DEBUG_INFORMATION_FORMAT = "dwarf-with-dsym";
				ENABLE_STRICT_OBJC_MSGSEND = YES;
				GCC_C_LANGUAGE_STANDARD = gnu99;
				GCC_DYNAMIC_NO_PIC = NO;
				GCC_NO_COMMON_BLOCKS = YES;
				GCC_OPTIMIZATION_LEVEL = 0;
				GCC_PREPROCESSOR_DEFINITIONS = (
					"DEBUG=1",
					"$(inherited)",
				);
				GCC_SYMBOLS_PRIVATE_EXTERN = NO;
				GCC_WARN_64_TO_32_BIT_CONVERSION = YES;
				GCC_WARN_ABOUT_RETURN_TYPE = YES_ERROR;
				GCC_WARN_UNDECLARED_SELECTOR = YES;
				GCC_WARN_UNINITIALIZED_AUTOS = YES_AGGRESSIVE;
				GCC_WARN_UNUSED_FUNCTION = YES;
				GCC_WARN_UNUSED_VARIABLE = YES;
				IPHONEOS_DEPLOYMENT_TARGET = 8.3;
				MTL_ENABLE_DEBUG_INFO = YES;
				ONLY_ACTIVE_ARCH = YES;
				SDKROOT = iphoneos;
				SWIFT_OPTIMIZATION_LEVEL = "-Onone";
			};
			name = Debug;
		};
		3F68A91A1B86B3EA009F6D65 /* Release */ = {
			isa = XCBuildConfiguration;
			buildSettings = {
				ALWAYS_SEARCH_USER_PATHS = NO;
				CLANG_CXX_LANGUAGE_STANDARD = "gnu++0x";
				CLANG_CXX_LIBRARY = "libc++";
				CLANG_ENABLE_MODULES = YES;
				CLANG_ENABLE_OBJC_ARC = YES;
				CLANG_WARN_BOOL_CONVERSION = YES;
				CLANG_WARN_CONSTANT_CONVERSION = YES;
				CLANG_WARN_DIRECT_OBJC_ISA_USAGE = YES_ERROR;
				CLANG_WARN_EMPTY_BODY = YES;
				CLANG_WARN_ENUM_CONVERSION = YES;
				CLANG_WARN_INT_CONVERSION = YES;
				CLANG_WARN_OBJC_ROOT_CLASS = YES_ERROR;
				CLANG_WARN_UNREACHABLE_CODE = YES;
				CLANG_WARN__DUPLICATE_METHOD_MATCH = YES;
				"CODE_SIGN_IDENTITY[sdk=iphoneos*]" = "iPhone Developer";
				COPY_PHASE_STRIP = NO;
				DEBUG_INFORMATION_FORMAT = "dwarf-with-dsym";
				ENABLE_NS_ASSERTIONS = NO;
				ENABLE_STRICT_OBJC_MSGSEND = YES;
				GCC_C_LANGUAGE_STANDARD = gnu99;
				GCC_NO_COMMON_BLOCKS = YES;
				GCC_WARN_64_TO_32_BIT_CONVERSION = YES;
				GCC_WARN_ABOUT_RETURN_TYPE = YES_ERROR;
				GCC_WARN_UNDECLARED_SELECTOR = YES;
				GCC_WARN_UNINITIALIZED_AUTOS = YES_AGGRESSIVE;
				GCC_WARN_UNUSED_FUNCTION = YES;
				GCC_WARN_UNUSED_VARIABLE = YES;
				IPHONEOS_DEPLOYMENT_TARGET = 8.3;
				MTL_ENABLE_DEBUG_INFO = NO;
				SDKROOT = iphoneos;
				VALIDATE_PRODUCT = YES;
			};
			name = Release;
		};
		3F68A91C1B86B3EA009F6D65 /* Debug */ = {
			isa = XCBuildConfiguration;
			buildSettings = {
				ASSETCATALOG_COMPILER_APPICON_NAME = AppIcon;
				INFOPLIST_FILE = "Pitch Perfect/Info.plist";
				IPHONEOS_DEPLOYMENT_TARGET = 8.3;
				LD_RUNPATH_SEARCH_PATHS = "$(inherited) @executable_path/Frameworks";
				PRODUCT_NAME = "$(TARGET_NAME)";
			};
			name = Debug;
		};
		3F68A91D1B86B3EA009F6D65 /* Release */ = {
			isa = XCBuildConfiguration;
			buildSettings = {
				ASSETCATALOG_COMPILER_APPICON_NAME = AppIcon;
				INFOPLIST_FILE = "Pitch Perfect/Info.plist";
				IPHONEOS_DEPLOYMENT_TARGET = 8.3;
				LD_RUNPATH_SEARCH_PATHS = "$(inherited) @executable_path/Frameworks";
				PRODUCT_NAME = "$(TARGET_NAME)";
			};
			name = Release;
		};
		3F68A91F1B86B3EA009F6D65 /* Debug */ = {
			isa = XCBuildConfiguration;
			buildSettings = {
				BUNDLE_LOADER = "$(TEST_HOST)";
				FRAMEWORK_SEARCH_PATHS = (
					"$(SDKROOT)/Developer/Library/Frameworks",
					"$(inherited)",
				);
				GCC_PREPROCESSOR_DEFINITIONS = (
					"DEBUG=1",
					"$(inherited)",
				);
				INFOPLIST_FILE = "Pitch PerfectTests/Info.plist";
				LD_RUNPATH_SEARCH_PATHS = "$(inherited) @executable_path/Frameworks @loader_path/Frameworks";
				PRODUCT_NAME = "$(TARGET_NAME)";
				TEST_HOST = "$(BUILT_PRODUCTS_DIR)/Pitch Perfect.app/Pitch Perfect";
			};
			name = Debug;
		};
		3F68A9201B86B3EA009F6D65 /* Release */ = {
			isa = XCBuildConfiguration;
			buildSettings = {
				BUNDLE_LOADER = "$(TEST_HOST)";
				FRAMEWORK_SEARCH_PATHS = (
					"$(SDKROOT)/Developer/Library/Frameworks",
					"$(inherited)",
				);
				INFOPLIST_FILE = "Pitch PerfectTests/Info.plist";
				LD_RUNPATH_SEARCH_PATHS = "$(inherited) @executable_path/Frameworks @loader_path/Frameworks";
				PRODUCT_NAME = "$(TARGET_NAME)";
				TEST_HOST = "$(BUILT_PRODUCTS_DIR)/Pitch Perfect.app/Pitch Perfect";
			};
			name = Release;
		};
/* End XCBuildConfiguration section */

/* Begin XCConfigurationList section */
		3F68A8F71B86B3EA009F6D65 /* Build configuration list for PBXProject "Pitch Perfect" */ = {
			isa = XCConfigurationList;
			buildConfigurations = (
				3F68A9191B86B3EA009F6D65 /* Debug */,
				3F68A91A1B86B3EA009F6D65 /* Release */,
			);
			defaultConfigurationIsVisible = 0;
			defaultConfigurationName = Release;
		};
		3F68A91B1B86B3EA009F6D65 /* Build configuration list for PBXNativeTarget "Pitch Perfect" */ = {
			isa = XCConfigurationList;
			buildConfigurations = (
				3F68A91C1B86B3EA009F6D65 /* Debug */,
				3F68A91D1B86B3EA009F6D65 /* Release */,
			);
			defaultConfigurationIsVisible = 0;
			defaultConfigurationName = Release;
		};
		3F68A91E1B86B3EA009F6D65 /* Build configuration list for PBXNativeTarget "Pitch PerfectTests" */ = {
			isa = XCConfigurationList;
			buildConfigurations = (
				3F68A91F1B86B3EA009F6D65 /* Debug */,
				3F68A9201B86B3EA009F6D65 /* Release */,
			);
			defaultConfigurationIsVisible = 0;
			defaultConfigurationName = Release;
		};
/* End XCConfigurationList section */
	};
	rootObject = 3F68A8F41B86B3EA009F6D65 /* Project object */;
}
